
Microsoft Visual Studio Solution File, Format Version 12.00
# Visual Studio Version 17
VisualStudioVersion = 17.1.32319.34
MinimumVisualStudioVersion = 10.0.40219.1
Project("{FAE04EC0-301F-11D3-BF4B-00C04F79EFBC}") = "ÁREA NUTRICIONAL HOSPITAL SAN ISIDRO PEREIRA", "ÁREA NUTRICIONAL HOSPITAL SAN ISIDRO PEREIRA.csproj", "{D3934B21-F147-455E-B7BA-271C87D61684}"
EndProject
Global
	GlobalSection(SolutionConfigurationPlatforms) = preSolution
		Debug|Any CPU = Debug|Any CPU
		Release|Any CPU = Release|Any CPU
	EndGlobalSection
	GlobalSection(ProjectConfigurationPlatforms) = postSolution
		{D3934B21-F147-455E-B7BA-271C87D61684}.Debug|Any CPU.ActiveCfg = Debug|Any CPU
		{D3934B21-F147-455E-B7BA-271C87D61684}.Debug|Any CPU.Build.0 = Debug|Any CPU
		{D3934B21-F147-455E-B7BA-271C87D61684}.Release|Any CPU.ActiveCfg = Release|Any CPU
		{D3934B21-F147-455E-B7BA-271C87D61684}.Release|Any CPU.Build.0 = Release|Any CPU
	EndGlobalSection
	GlobalSection(SolutionProperties) = preSolution
		HideSolutionNode = FALSE
	EndGlobalSection
	GlobalSection(ExtensibilityGlobals) = postSolution
		SolutionGuid = {C68896B0-8D60-4D6E-B35C-1B6D81D1F4DD}
	EndGlobalSection
EndGlobal
